
Microsoft Visual Studio Solution File, Format Version 12.00
# Visual Studio 14
VisualStudioVersion = 14.0.25420.1
MinimumVisualStudioVersion = 10.0.40219.1
Project("{FAE04EC0-301F-11D3-BF4B-00C04F79EFBC}") = "Fortress (Team Project)", "Fortress (Team Project)\Fortress (Team Project).csproj", "{1940681E-A42B-43F5-A93B-7D89148A777F}"
EndProject
Global
	GlobalSection(SolutionConfigurationPlatforms) = preSolution
		Debug|Any CPU = Debug|Any CPU
		Release|Any CPU = Release|Any CPU
	EndGlobalSection
	GlobalSection(ProjectConfigurationPlatforms) = postSolution
		{1940681E-A42B-43F5-A93B-7D89148A777F}.Debug|Any CPU.ActiveCfg = Debug|Any CPU
		{1940681E-A42B-43F5-A93B-7D89148A777F}.Debug|Any CPU.Build.0 = Debug|Any CPU
		{1940681E-A42B-43F5-A93B-7D89148A777F}.Release|Any CPU.ActiveCfg = Release|Any CPU
		{1940681E-A42B-43F5-A93B-7D89148A777F}.Release|Any CPU.Build.0 = Release|Any CPU
	EndGlobalSection
	GlobalSection(SolutionProperties) = preSolution
		HideSolutionNode = FALSE
	EndGlobalSection
EndGlobal
